
Microsoft Visual Studio Solution File, Format Version 12.00
# Visual Studio Version 17
VisualStudioVersion = 17.9.34723.18
MinimumVisualStudioVersion = 10.0.40219.1
Project("{FAE04EC0-301F-11D3-BF4B-00C04F79EFBC}") = "TP 2", "TP 2\TP 2.csproj", "{0A382821-4F57-4E9E-893D-98567AB5A83D}"
EndProject
Global
	GlobalSection(SolutionConfigurationPlatforms) = preSolution
		Debug|Any CPU = Debug|Any CPU
		Release|Any CPU = Release|Any CPU
	EndGlobalSection
	GlobalSection(ProjectConfigurationPlatforms) = postSolution
		{0A382821-4F57-4E9E-893D-98567AB5A83D}.Debug|Any CPU.ActiveCfg = Debug|Any CPU
		{0A382821-4F57-4E9E-893D-98567AB5A83D}.Debug|Any CPU.Build.0 = Debug|Any CPU
		{0A382821-4F57-4E9E-893D-98567AB5A83D}.Release|Any CPU.ActiveCfg = Release|Any CPU
		{0A382821-4F57-4E9E-893D-98567AB5A83D}.Release|Any CPU.Build.0 = Release|Any CPU
	EndGlobalSection
	GlobalSection(SolutionProperties) = preSolution
		HideSolutionNode = FALSE
	EndGlobalSection
	GlobalSection(ExtensibilityGlobals) = postSolution
		SolutionGuid = {268D459D-2F07-4EE1-8CF5-6E5054344A68}
	EndGlobalSection
EndGlobal
